
Microsoft Visual Studio Solution File, Format Version 12.00
# Visual Studio 2012
Project("{FAE04EC0-301F-11D3-BF4B-00C04F79EFBC}") = "odec", "odec\odec.csproj", "{8CC22FBB-6538-4C22-A003-882639BD8790}"
EndProject
Project("{2150E333-8FDC-42A3-9474-1A3956D46DE8}") = "Solution Items", "Solution Items", "{B6274A99-36B0-475C-9406-0A0A632BA1A3}"
	ProjectSection(SolutionItems) = preProject
		..\xml\odec-container.rng = ..\xml\odec-container.rng
		..\xml\odec-container.xsd = ..\xml\odec-container.xsd
		..\xml\odec-descriptions.rng = ..\xml\odec-descriptions.rng
		..\xml\odec-descriptions.xsd = ..\xml\odec-descriptions.xsd
		..\xml\odec-profile.rng = ..\xml\odec-profile.rng
		..\xml\odec-profile.xsd = ..\xml\odec-profile.xsd
		..\xml\xmldsig-core-schema.rng = ..\xml\xmldsig-core-schema.rng
	EndProjectSection
EndProject
Global
	GlobalSection(SolutionConfigurationPlatforms) = preSolution
		Debug|Any CPU = Debug|Any CPU
		Release|Any CPU = Release|Any CPU
	EndGlobalSection
	GlobalSection(ProjectConfigurationPlatforms) = postSolution
		{8CC22FBB-6538-4C22-A003-882639BD8790}.Debug|Any CPU.ActiveCfg = Debug|Any CPU
		{8CC22FBB-6538-4C22-A003-882639BD8790}.Debug|Any CPU.Build.0 = Debug|Any CPU
		{8CC22FBB-6538-4C22-A003-882639BD8790}.Release|Any CPU.ActiveCfg = Release|Any CPU
		{8CC22FBB-6538-4C22-A003-882639BD8790}.Release|Any CPU.Build.0 = Release|Any CPU
	EndGlobalSection
	GlobalSection(SolutionProperties) = preSolution
		HideSolutionNode = FALSE
	EndGlobalSection
EndGlobal
